
Microsoft Visual Studio Solution File, Format Version 12.00
# Visual Studio Version 16
VisualStudioVersion = 16.0.30907.101
MinimumVisualStudioVersion = 10.0.40219.1
Project("{FAE04EC0-301F-11D3-BF4B-00C04F79EFBC}") = "CreateCharacterProfile", "CreateCharacterProfile\CreateCharacterProfile.csproj", "{922C0A4D-2046-4701-AC3F-C15914343E2B}"
EndProject
Global
	GlobalSection(SolutionConfigurationPlatforms) = preSolution
		Debug|Any CPU = Debug|Any CPU
		Release|Any CPU = Release|Any CPU
	EndGlobalSection
	GlobalSection(ProjectConfigurationPlatforms) = postSolution
		{922C0A4D-2046-4701-AC3F-C15914343E2B}.Debug|Any CPU.ActiveCfg = Debug|Any CPU
		{922C0A4D-2046-4701-AC3F-C15914343E2B}.Debug|Any CPU.Build.0 = Debug|Any CPU
		{922C0A4D-2046-4701-AC3F-C15914343E2B}.Release|Any CPU.ActiveCfg = Release|Any CPU
		{922C0A4D-2046-4701-AC3F-C15914343E2B}.Release|Any CPU.Build.0 = Release|Any CPU
	EndGlobalSection
	GlobalSection(SolutionProperties) = preSolution
		HideSolutionNode = FALSE
	EndGlobalSection
	GlobalSection(ExtensibilityGlobals) = postSolution
		SolutionGuid = {02641ECD-6D60-47C8-966B-2F27DB054315}
	EndGlobalSection
EndGlobal
